
Microsoft Visual Studio Solution File, Format Version 12.00
# Visual Studio Version 16
VisualStudioVersion = 16.0.30011.22
MinimumVisualStudioVersion = 10.0.40219.1
Project("{8BC9CEB8-8B4A-11D0-8D11-00A0C91BC942}") = "SFML", "SFML\SFML.vcxproj", "{185A47EC-D0EE-46B8-BFEC-53011AEB6E34}"
EndProject
Project("{8BC9CEB8-8B4A-11D0-8D11-00A0C91BC942}") = "SingleFileProgram", "SingleFileProgram\SingleFileProgram.vcxproj", "{9034559C-F257-42C3-A717-70AC3BC5F405}"
EndProject
Project("{8BC9CEB8-8B4A-11D0-8D11-00A0C91BC942}") = "MultiFileProgram", "MultiFileProgram\MultiFileProgram.vcxproj", "{E2BC62B0-CE1D-4F2D-87F8-02BD61AB8686}"
EndProject
Project("{8BC9CEB8-8B4A-11D0-8D11-00A0C91BC942}") = "Level Editor", "Level Editor\Level Editor.vcxproj", "{2F7E3D28-8B78-4F6E-AFC1-9700EA8D6AA7}"
EndProject
Project("{8BC9CEB8-8B4A-11D0-8D11-00A0C91BC942}") = "Keyboard Input", "Keyboard Input\Keyboard Input.vcxproj", "{360881E0-6C77-42F2-B92D-E73ADFEF8890}"
EndProject
Project("{8BC9CEB8-8B4A-11D0-8D11-00A0C91BC942}") = "Collision Detection I", "Collision Detection I\Collision Detection I.vcxproj", "{E436CD81-329F-4D35-9B35-8D65950145A3}"
EndProject
Project("{8BC9CEB8-8B4A-11D0-8D11-00A0C91BC942}") = "Collision Detection II", "Collision Detection II\Collision Detection II.vcxproj", "{3D24894D-BA81-49DF-A1AF-C02633A9BD64}"
EndProject
Project("{8BC9CEB8-8B4A-11D0-8D11-00A0C91BC942}") = "1D Array of Bricks", "1D Array of Bricks\1D Array of Bricks.vcxproj", "{46D1FAE7-1FDE-4BC8-8696-37ED62360370}"
EndProject
Project("{8BC9CEB8-8B4A-11D0-8D11-00A0C91BC942}") = "2D Array of Bricks", "2D Array of Bricks\2D Array of Bricks.vcxproj", "{91961974-1E97-4000-8672-CFA3C001CA92}"
EndProject
Project("{8BC9CEB8-8B4A-11D0-8D11-00A0C91BC942}") = "Random Direction", "Random Direction\Random Direction.vcxproj", "{5438DA2F-49B5-4D88-B1B3-7A5013B3B1BA}"
EndProject
Project("{8BC9CEB8-8B4A-11D0-8D11-00A0C91BC942}") = "Random Sign", "Random Sign\Random Sign.vcxproj", "{7BDD8D44-AD9E-4502-8271-5B55A131015B}"
EndProject
Project("{8BC9CEB8-8B4A-11D0-8D11-00A0C91BC942}") = "Text", "Text\Text.vcxproj", "{BEC6B91A-92AF-429B-8880-FE78F4D365AA}"
EndProject
Project("{8BC9CEB8-8B4A-11D0-8D11-00A0C91BC942}") = "Mouse", "Mouse\Mouse.vcxproj", "{4F1F9099-F172-4351-9927-CF1B0F46A1BA}"
EndProject
Project("{8BC9CEB8-8B4A-11D0-8D11-00A0C91BC942}") = "Write To File", "Write To File\Write To File.vcxproj", "{B6EA2C96-53AD-410D-8BAB-4677F487095A}"
EndProject
Project("{8BC9CEB8-8B4A-11D0-8D11-00A0C91BC942}") = "Read To File", "Read To File\Read To File.vcxproj", "{814927C7-544D-4A33-93AE-DE9AB04EDF36}"
EndProject
Project("{8BC9CEB8-8B4A-11D0-8D11-00A0C91BC942}") = "Textures and Sprites", "Textures and Sprites\Textures and Sprites.vcxproj", "{97DA52A3-D719-41EA-BF68-4BBA6EDFBCFA}"
EndProject
Project("{8BC9CEB8-8B4A-11D0-8D11-00A0C91BC942}") = "Sound", "Sound\Sound.vcxproj", "{71878174-29C9-4BF3-8555-4087E497CF68}"
EndProject
Project("{8BC9CEB8-8B4A-11D0-8D11-00A0C91BC942}") = "PlaySound", "PlaySound\PlaySound.vcxproj", "{7B986F42-ED22-45CF-926D-4CAB919F3ADC}"
EndProject
Project("{8BC9CEB8-8B4A-11D0-8D11-00A0C91BC942}") = "Pointer", "Pointer\Pointer.vcxproj", "{D656A0D3-183A-4C3B-B56A-BA17D4F20B3E}"
EndProject
Project("{8BC9CEB8-8B4A-11D0-8D11-00A0C91BC942}") = "Pass by Value", "Pass by Value\Pass by Value.vcxproj", "{6188F7FF-A237-4D9D-B1A7-2519064DA6DF}"
EndProject
Project("{8BC9CEB8-8B4A-11D0-8D11-00A0C91BC942}") = "Pass By Reference", "Pass By Reference\Pass By Reference.vcxproj", "{1FD3FD75-3556-4898-A3AF-026D1833F5FA}"
EndProject
Project("{8BC9CEB8-8B4A-11D0-8D11-00A0C91BC942}") = "Pass an Array", "Pass an Array\Pass an Array.vcxproj", "{279E6E43-6934-4778-8511-139AD97BB395}"
EndProject
Project("{8BC9CEB8-8B4A-11D0-8D11-00A0C91BC942}") = "Return a Pointer", "Return a Pointer\Return a Pointer.vcxproj", "{2DA6536C-C553-4E57-B413-9D9E7982E21E}"
EndProject
Project("{8BC9CEB8-8B4A-11D0-8D11-00A0C91BC942}") = "NewSound1", "NewSound1\NewSound1.vcxproj", "{BD8F3C02-C4C6-4E95-95AE-FD37BB9D996A}"
EndProject
Project("{8BC9CEB8-8B4A-11D0-8D11-00A0C91BC942}") = "Sprite Animation", "Sprite Animation\Sprite Animation.vcxproj", "{E0CD807B-E9FF-4C27-AE9D-079254B25020}"
EndProject
Project("{8BC9CEB8-8B4A-11D0-8D11-00A0C91BC942}") = "Passing a Function", "Passing a Function\Passing a Function.vcxproj", "{A3B0EB49-F406-419B-93D8-178E256176CC}"
EndProject
Project("{8BC9CEB8-8B4A-11D0-8D11-00A0C91BC942}") = "Template Functions", "Template Functions\Template Functions.vcxproj", "{DDE4A8AA-CC30-4E50-8096-496D9CEFC8DF}"
EndProject
Project("{8BC9CEB8-8B4A-11D0-8D11-00A0C91BC942}") = "SpriteAnimInCrimzon", "SpriteAnimInCrimzon\SpriteAnimInCrimzon.vcxproj", "{B19D00B7-51D9-42B7-9B5C-0F8875B930DC}"
EndProject
Project("{8BC9CEB8-8B4A-11D0-8D11-00A0C91BC942}") = "Encapsulation", "Encapsulation\Encapsulation.vcxproj", "{FD56D3E9-54FF-49C8-A30D-61C93B985364}"
EndProject
Project("{8BC9CEB8-8B4A-11D0-8D11-00A0C91BC942}") = "Inheritance", "Inheritance\Inheritance.vcxproj", "{0DC1D59F-BE7A-4D5B-BB35-1EC675EA7723}"
EndProject
Project("{8BC9CEB8-8B4A-11D0-8D11-00A0C91BC942}") = "Polymorphism", "Polymorphism\Polymorphism.vcxproj", "{9222E881-4D01-4E2A-9448-253090A93266}"
EndProject
Global
	GlobalSection(SolutionConfigurationPlatforms) = preSolution
		Debug|Any CPU = Debug|Any CPU
		Debug|x64 = Debug|x64
		Debug|x86 = Debug|x86
		Release|Any CPU = Release|Any CPU
		Release|x64 = Release|x64
		Release|x86 = Release|x86
	EndGlobalSection
	GlobalSection(ProjectConfigurationPlatforms) = postSolution
		{185A47EC-D0EE-46B8-BFEC-53011AEB6E34}.Debug|Any CPU.ActiveCfg = Debug|Win32
		{185A47EC-D0EE-46B8-BFEC-53011AEB6E34}.Debug|x64.ActiveCfg = Debug|x64
		{185A47EC-D0EE-46B8-BFEC-53011AEB6E34}.Debug|x64.Build.0 = Debug|x64
		{185A47EC-D0EE-46B8-BFEC-53011AEB6E34}.Debug|x86.ActiveCfg = Debug|Win32
		{185A47EC-D0EE-46B8-BFEC-53011AEB6E34}.Debug|x86.Build.0 = Debug|Win32
		{185A47EC-D0EE-46B8-BFEC-53011AEB6E34}.Release|Any CPU.ActiveCfg = Release|Win32
		{185A47EC-D0EE-46B8-BFEC-53011AEB6E34}.Release|x64.ActiveCfg = Release|x64
		{185A47EC-D0EE-46B8-BFEC-53011AEB6E34}.Release|x64.Build.0 = Release|x64
		{185A47EC-D0EE-46B8-BFEC-53011AEB6E34}.Release|x86.ActiveCfg = Release|Win32
		{185A47EC-D0EE-46B8-BFEC-53011AEB6E34}.Release|x86.Build.0 = Release|Win32
		{9034559C-F257-42C3-A717-70AC3BC5F405}.Debug|Any CPU.ActiveCfg = Debug|Win32
		{9034559C-F257-42C3-A717-70AC3BC5F405}.Debug|x64.ActiveCfg = Debug|x64
		{9034559C-F257-42C3-A717-70AC3BC5F405}.Debug|x64.Build.0 = Debug|x64
		{9034559C-F257-42C3-A717-70AC3BC5F405}.Debug|x86.ActiveCfg = Debug|Win32
		{9034559C-F257-42C3-A717-70AC3BC5F405}.Debug|x86.Build.0 = Debug|Win32
		{9034559C-F257-42C3-A717-70AC3BC5F405}.Release|Any CPU.ActiveCfg = Release|Win32
		{9034559C-F257-42C3-A717-70AC3BC5F405}.Release|x64.ActiveCfg = Release|x64
		{9034559C-F257-42C3-A717-70AC3BC5F405}.Release|x64.Build.0 = Release|x64
		{9034559C-F257-42C3-A717-70AC3BC5F405}.Release|x86.ActiveCfg = Release|Win32
		{9034559C-F257-42C3-A717-70AC3BC5F405}.Release|x86.Build.0 = Release|Win32
		{E2BC62B0-CE1D-4F2D-87F8-02BD61AB8686}.Debug|Any CPU.ActiveCfg = Debug|Win32
		{E2BC62B0-CE1D-4F2D-87F8-02BD61AB8686}.Debug|x64.ActiveCfg = Debug|x64
		{E2BC62B0-CE1D-4F2D-87F8-02BD61AB8686}.Debug|x64.Build.0 = Debug|x64
		{E2BC62B0-CE1D-4F2D-87F8-02BD61AB8686}.Debug|x86.ActiveCfg = Debug|Win32
		{E2BC62B0-CE1D-4F2D-87F8-02BD61AB8686}.Debug|x86.Build.0 = Debug|Win32
		{E2BC62B0-CE1D-4F2D-87F8-02BD61AB8686}.Release|Any CPU.ActiveCfg = Release|Win32
		{E2BC62B0-CE1D-4F2D-87F8-02BD61AB8686}.Release|x64.ActiveCfg = Release|x64
		{E2BC62B0-CE1D-4F2D-87F8-02BD61AB8686}.Release|x64.Build.0 = Release|x64
		{E2BC62B0-CE1D-4F2D-87F8-02BD61AB8686}.Release|x86.ActiveCfg = Release|Win32
		{E2BC62B0-CE1D-4F2D-87F8-02BD61AB8686}.Release|x86.Build.0 = Release|Win32
		{2F7E3D28-8B78-4F6E-AFC1-9700EA8D6AA7}.Debug|Any CPU.ActiveCfg = Debug|Win32
		{2F7E3D28-8B78-4F6E-AFC1-9700EA8D6AA7}.Debug|x64.ActiveCfg = Debug|x64
		{2F7E3D28-8B78-4F6E-AFC1-9700EA8D6AA7}.Debug|x64.Build.0 = Debug|x64
		{2F7E3D28-8B78-4F6E-AFC1-9700EA8D6AA7}.Debug|x86.ActiveCfg = Debug|Win32
		{2F7E3D28-8B78-4F6E-AFC1-9700EA8D6AA7}.Debug|x86.Build.0 = Debug|Win32
		{2F7E3D28-8B78-4F6E-AFC1-9700EA8D6AA7}.Release|Any CPU.ActiveCfg = Release|Win32
		{2F7E3D28-8B78-4F6E-AFC1-9700EA8D6AA7}.Release|x64.ActiveCfg = Release|x64
		{2F7E3D28-8B78-4F6E-AFC1-9700EA8D6AA7}.Release|x64.Build.0 = Release|x64
		{2F7E3D28-8B78-4F6E-AFC1-9700EA8D6AA7}.Release|x86.ActiveCfg = Release|Win32
		{2F7E3D28-8B78-4F6E-AFC1-9700EA8D6AA7}.Release|x86.Build.0 = Release|Win32
		{360881E0-6C77-42F2-B92D-E73ADFEF8890}.Debug|Any CPU.ActiveCfg = Debug|Win32
		{360881E0-6C77-42F2-B92D-E73ADFEF8890}.Debug|x64.ActiveCfg = Debug|x64
		{360881E0-6C77-42F2-B92D-E73ADFEF8890}.Debug|x64.Build.0 = Debug|x64
		{360881E0-6C77-42F2-B92D-E73ADFEF8890}.Debug|x86.ActiveCfg = Debug|Win32
		{360881E0-6C77-42F2-B92D-E73ADFEF8890}.Debug|x86.Build.0 = Debug|Win32
		{360881E0-6C77-42F2-B92D-E73ADFEF8890}.Release|Any CPU.ActiveCfg = Release|Win32
		{360881E0-6C77-42F2-B92D-E73ADFEF8890}.Release|x64.ActiveCfg = Release|x64
		{360881E0-6C77-42F2-B92D-E73ADFEF8890}.Release|x64.Build.0 = Release|x64
		{360881E0-6C77-42F2-B92D-E73ADFEF8890}.Release|x86.ActiveCfg = Release|Win32
		{360881E0-6C77-42F2-B92D-E73ADFEF8890}.Release|x86.Build.0 = Release|Win32
		{E436CD81-329F-4D35-9B35-8D65950145A3}.Debug|Any CPU.ActiveCfg = Debug|Win32
		{E436CD81-329F-4D35-9B35-8D65950145A3}.Debug|x64.ActiveCfg = Debug|x64
		{E436CD81-329F-4D35-9B35-8D65950145A3}.Debug|x64.Build.0 = Debug|x64
		{E436CD81-329F-4D35-9B35-8D65950145A3}.Debug|x86.ActiveCfg = Debug|Win32
		{E436CD81-329F-4D35-9B35-8D65950145A3}.Debug|x86.Build.0 = Debug|Win32
		{E436CD81-329F-4D35-9B35-8D65950145A3}.Release|Any CPU.ActiveCfg = Release|Win32
		{E436CD81-329F-4D35-9B35-8D65950145A3}.Release|x64.ActiveCfg = Release|x64
		{E436CD81-329F-4D35-9B35-8D65950145A3}.Release|x64.Build.0 = Release|x64
		{E436CD81-329F-4D35-9B35-8D65950145A3}.Release|x86.ActiveCfg = Release|Win32
		{E436CD81-329F-4D35-9B35-8D65950145A3}.Release|x86.Build.0 = Release|Win32
		{3D24894D-BA81-49DF-A1AF-C02633A9BD64}.Debug|Any CPU.ActiveCfg = Debug|Win32
		{3D24894D-BA81-49DF-A1AF-C02633A9BD64}.Debug|x64.ActiveCfg = Debug|x64
		{3D24894D-BA81-49DF-A1AF-C02633A9BD64}.Debug|x64.Build.0 = Debug|x64
		{3D24894D-BA81-49DF-A1AF-C02633A9BD64}.Debug|x86.ActiveCfg = Debug|Win32
		{3D24894D-BA81-49DF-A1AF-C02633A9BD64}.Debug|x86.Build.0 = Debug|Win32
		{3D24894D-BA81-49DF-A1AF-C02633A9BD64}.Release|Any CPU.ActiveCfg = Release|Win32
		{3D24894D-BA81-49DF-A1AF-C02633A9BD64}.Release|x64.ActiveCfg = Release|x64
		{3D24894D-BA81-49DF-A1AF-C02633A9BD64}.Release|x64.Build.0 = Release|x64
		{3D24894D-BA81-49DF-A1AF-C02633A9BD64}.Release|x86.ActiveCfg = Release|Win32
		{3D24894D-BA81-49DF-A1AF-C02633A9BD64}.Release|x86.Build.0 = Release|Win32
		{46D1FAE7-1FDE-4BC8-8696-37ED62360370}.Debug|Any CPU.ActiveCfg = Debug|Win32
		{46D1FAE7-1FDE-4BC8-8696-37ED62360370}.Debug|x64.ActiveCfg = Debug|x64
		{46D1FAE7-1FDE-4BC8-8696-37ED62360370}.Debug|x64.Build.0 = Debug|x64
		{46D1FAE7-1FDE-4BC8-8696-37ED62360370}.Debug|x86.ActiveCfg = Debug|Win32
		{46D1FAE7-1FDE-4BC8-8696-37ED62360370}.Debug|x86.Build.0 = Debug|Win32
		{46D1FAE7-1FDE-4BC8-8696-37ED62360370}.Release|Any CPU.ActiveCfg = Release|Win32
		{46D1FAE7-1FDE-4BC8-8696-37ED62360370}.Release|x64.ActiveCfg = Release|x64
		{46D1FAE7-1FDE-4BC8-8696-37ED62360370}.Release|x64.Build.0 = Release|x64
		{46D1FAE7-1FDE-4BC8-8696-37ED62360370}.Release|x86.ActiveCfg = Release|Win32
		{46D1FAE7-1FDE-4BC8-8696-37ED62360370}.Release|x86.Build.0 = Release|Win32
		{91961974-1E97-4000-8672-CFA3C001CA92}.Debug|Any CPU.ActiveCfg = Debug|Win32
		{91961974-1E97-4000-8672-CFA3C001CA92}.Debug|x64.ActiveCfg = Debug|x64
		{91961974-1E97-4000-8672-CFA3C001CA92}.Debug|x64.Build.0 = Debug|x64
		{91961974-1E97-4000-8672-CFA3C001CA92}.Debug|x86.ActiveCfg = Debug|Win32
		{91961974-1E97-4000-8672-CFA3C001CA92}.Debug|x86.Build.0 = Debug|Win32
		{91961974-1E97-4000-8672-CFA3C001CA92}.Release|Any CPU.ActiveCfg = Release|Win32
		{91961974-1E97-4000-8672-CFA3C001CA92}.Release|x64.ActiveCfg = Release|x64
		{91961974-1E97-4000-8672-CFA3C001CA92}.Release|x64.Build.0 = Release|x64
		{91961974-1E97-4000-8672-CFA3C001CA92}.Release|x86.ActiveCfg = Release|Win32
		{91961974-1E97-4000-8672-CFA3C001CA92}.Release|x86.Build.0 = Release|Win32
		{5438DA2F-49B5-4D88-B1B3-7A5013B3B1BA}.Debug|Any CPU.ActiveCfg = Debug|Win32
		{5438DA2F-49B5-4D88-B1B3-7A5013B3B1BA}.Debug|x64.ActiveCfg = Debug|x64
		{5438DA2F-49B5-4D88-B1B3-7A5013B3B1BA}.Debug|x64.Build.0 = Debug|x64
		{5438DA2F-49B5-4D88-B1B3-7A5013B3B1BA}.Debug|x86.ActiveCfg = Debug|Win32
		{5438DA2F-49B5-4D88-B1B3-7A5013B3B1BA}.Debug|x86.Build.0 = Debug|Win32
		{5438DA2F-49B5-4D88-B1B3-7A5013B3B1BA}.Release|Any CPU.ActiveCfg = Release|Win32
		{5438DA2F-49B5-4D88-B1B3-7A5013B3B1BA}.Release|x64.ActiveCfg = Release|x64
		{5438DA2F-49B5-4D88-B1B3-7A5013B3B1BA}.Release|x64.Build.0 = Release|x64
		{5438DA2F-49B5-4D88-B1B3-7A5013B3B1BA}.Release|x86.ActiveCfg = Release|Win32
		{5438DA2F-49B5-4D88-B1B3-7A5013B3B1BA}.Release|x86.Build.0 = Release|Win32
		{7BDD8D44-AD9E-4502-8271-5B55A131015B}.Debug|Any CPU.ActiveCfg = Debug|Win32
		{7BDD8D44-AD9E-4502-8271-5B55A131015B}.Debug|x64.ActiveCfg = Debug|x64
		{7BDD8D44-AD9E-4502-8271-5B55A131015B}.Debug|x64.Build.0 = Debug|x64
		{7BDD8D44-AD9E-4502-8271-5B55A131015B}.Debug|x86.ActiveCfg = Debug|Win32
		{7BDD8D44-AD9E-4502-8271-5B55A131015B}.Debug|x86.Build.0 = Debug|Win32
		{7BDD8D44-AD9E-4502-8271-5B55A131015B}.Release|Any CPU.ActiveCfg = Release|Win32
		{7BDD8D44-AD9E-4502-8271-5B55A131015B}.Release|x64.ActiveCfg = Release|x64
		{7BDD8D44-AD9E-4502-8271-5B55A131015B}.Release|x64.Build.0 = Release|x64
		{7BDD8D44-AD9E-4502-8271-5B55A131015B}.Release|x86.ActiveCfg = Release|Win32
		{7BDD8D44-AD9E-4502-8271-5B55A131015B}.Release|x86.Build.0 = Release|Win32
		{BEC6B91A-92AF-429B-8880-FE78F4D365AA}.Debug|Any CPU.ActiveCfg = Debug|Win32
		{BEC6B91A-92AF-429B-8880-FE78F4D365AA}.Debug|x64.ActiveCfg = Debug|x64
		{BEC6B91A-92AF-429B-8880-FE78F4D365AA}.Debug|x64.Build.0 = Debug|x64
		{BEC6B91A-92AF-429B-8880-FE78F4D365AA}.Debug|x86.ActiveCfg = Debug|Win32
		{BEC6B91A-92AF-429B-8880-FE78F4D365AA}.Debug|x86.Build.0 = Debug|Win32
		{BEC6B91A-92AF-429B-8880-FE78F4D365AA}.Release|Any CPU.ActiveCfg = Release|Win32
		{BEC6B91A-92AF-429B-8880-FE78F4D365AA}.Release|x64.ActiveCfg = Release|x64
		{BEC6B91A-92AF-429B-8880-FE78F4D365AA}.Release|x64.Build.0 = Release|x64
		{BEC6B91A-92AF-429B-8880-FE78F4D365AA}.Release|x86.ActiveCfg = Release|Win32
		{BEC6B91A-92AF-429B-8880-FE78F4D365AA}.Release|x86.Build.0 = Release|Win32
		{4F1F9099-F172-4351-9927-CF1B0F46A1BA}.Debug|Any CPU.ActiveCfg = Debug|Win32
		{4F1F9099-F172-4351-9927-CF1B0F46A1BA}.Debug|x64.ActiveCfg = Debug|x64
		{4F1F9099-F172-4351-9927-CF1B0F46A1BA}.Debug|x64.Build.0 = Debug|x64
		{4F1F9099-F172-4351-9927-CF1B0F46A1BA}.Debug|x86.ActiveCfg = Debug|Win32
		{4F1F9099-F172-4351-9927-CF1B0F46A1BA}.Debug|x86.Build.0 = Debug|Win32
		{4F1F9099-F172-4351-9927-CF1B0F46A1BA}.Release|Any CPU.ActiveCfg = Release|Win32
		{4F1F9099-F172-4351-9927-CF1B0F46A1BA}.Release|x64.ActiveCfg = Release|x64
		{4F1F9099-F172-4351-9927-CF1B0F46A1BA}.Release|x64.Build.0 = Release|x64
		{4F1F9099-F172-4351-9927-CF1B0F46A1BA}.Release|x86.ActiveCfg = Release|Win32
		{4F1F9099-F172-4351-9927-CF1B0F46A1BA}.Release|x86.Build.0 = Release|Win32
		{B6EA2C96-53AD-410D-8BAB-4677F487095A}.Debug|Any CPU.ActiveCfg = Debug|Win32
		{B6EA2C96-53AD-410D-8BAB-4677F487095A}.Debug|x64.ActiveCfg = Debug|x64
		{B6EA2C96-53AD-410D-8BAB-4677F487095A}.Debug|x64.Build.0 = Debug|x64
		{B6EA2C96-53AD-410D-8BAB-4677F487095A}.Debug|x86.ActiveCfg = Debug|Win32
		{B6EA2C96-53AD-410D-8BAB-4677F487095A}.Debug|x86.Build.0 = Debug|Win32
		{B6EA2C96-53AD-410D-8BAB-4677F487095A}.Release|Any CPU.ActiveCfg = Release|Win32
		{B6EA2C96-53AD-410D-8BAB-4677F487095A}.Release|x64.ActiveCfg = Release|x64
		{B6EA2C96-53AD-410D-8BAB-4677F487095A}.Release|x64.Build.0 = Release|x64
		{B6EA2C96-53AD-410D-8BAB-4677F487095A}.Release|x86.ActiveCfg = Release|Win32
		{B6EA2C96-53AD-410D-8BAB-4677F487095A}.Release|x86.Build.0 = Release|Win32
		{814927C7-544D-4A33-93AE-DE9AB04EDF36}.Debug|Any CPU.ActiveCfg = Debug|Win32
		{814927C7-544D-4A33-93AE-DE9AB04EDF36}.Debug|x64.ActiveCfg = Debug|x64
		{814927C7-544D-4A33-93AE-DE9AB04EDF36}.Debug|x64.Build.0 = Debug|x64
		{814927C7-544D-4A33-93AE-DE9AB04EDF36}.Debug|x86.ActiveCfg = Debug|Win32
		{814927C7-544D-4A33-93AE-DE9AB04EDF36}.Debug|x86.Build.0 = Debug|Win32
		{814927C7-544D-4A33-93AE-DE9AB04EDF36}.Release|Any CPU.ActiveCfg = Release|Win32
		{814927C7-544D-4A33-93AE-DE9AB04EDF36}.Release|x64.ActiveCfg = Release|x64
		{814927C7-544D-4A33-93AE-DE9AB04EDF36}.Release|x64.Build.0 = Release|x64
		{814927C7-544D-4A33-93AE-DE9AB04EDF36}.Release|x86.ActiveCfg = Release|Win32
		{814927C7-544D-4A33-93AE-DE9AB04EDF36}.Release|x86.Build.0 = Release|Win32
		{97DA52A3-D719-41EA-BF68-4BBA6EDFBCFA}.Debug|Any CPU.ActiveCfg = Debug|Win32
		{97DA52A3-D719-41EA-BF68-4BBA6EDFBCFA}.Debug|x64.ActiveCfg = Debug|x64
		{97DA52A3-D719-41EA-BF68-4BBA6EDFBCFA}.Debug|x64.Build.0 = Debug|x64
		{97DA52A3-D719-41EA-BF68-4BBA6EDFBCFA}.Debug|x86.ActiveCfg = Debug|Win32
		{97DA52A3-D719-41EA-BF68-4BBA6EDFBCFA}.Debug|x86.Build.0 = Debug|Win32
		{97DA52A3-D719-41EA-BF68-4BBA6EDFBCFA}.Release|Any CPU.ActiveCfg = Release|Win32
		{97DA52A3-D719-41EA-BF68-4BBA6EDFBCFA}.Release|x64.ActiveCfg = Release|x64
		{97DA52A3-D719-41EA-BF68-4BBA6EDFBCFA}.Release|x64.Build.0 = Release|x64
		{97DA52A3-D719-41EA-BF68-4BBA6EDFBCFA}.Release|x86.ActiveCfg = Release|Win32
		{97DA52A3-D719-41EA-BF68-4BBA6EDFBCFA}.Release|x86.Build.0 = Release|Win32
		{71878174-29C9-4BF3-8555-4087E497CF68}.Debug|Any CPU.ActiveCfg = Debug|Win32
		{71878174-29C9-4BF3-8555-4087E497CF68}.Debug|x64.ActiveCfg = Debug|x64
		{71878174-29C9-4BF3-8555-4087E497CF68}.Debug|x64.Build.0 = Debug|x64
		{71878174-29C9-4BF3-8555-4087E497CF68}.Debug|x86.ActiveCfg = Debug|Win32
		{71878174-29C9-4BF3-8555-4087E497CF68}.Debug|x86.Build.0 = Debug|Win32
		{71878174-29C9-4BF3-8555-4087E497CF68}.Release|Any CPU.ActiveCfg = Release|Win32
		{71878174-29C9-4BF3-8555-4087E497CF68}.Release|x64.ActiveCfg = Release|x64
		{71878174-29C9-4BF3-8555-4087E497CF68}.Release|x64.Build.0 = Release|x64
		{71878174-29C9-4BF3-8555-4087E497CF68}.Release|x86.ActiveCfg = Release|Win32
		{71878174-29C9-4BF3-8555-4087E497CF68}.Release|x86.Build.0 = Release|Win32
		{7B986F42-ED22-45CF-926D-4CAB919F3ADC}.Debug|Any CPU.ActiveCfg = Debug|Win32
		{7B986F42-ED22-45CF-926D-4CAB919F3ADC}.Debug|x64.ActiveCfg = Debug|x64
		{7B986F42-ED22-45CF-926D-4CAB919F3ADC}.Debug|x64.Build.0 = Debug|x64
		{7B986F42-ED22-45CF-926D-4CAB919F3ADC}.Debug|x86.ActiveCfg = Debug|Win32
		{7B986F42-ED22-45CF-926D-4CAB919F3ADC}.Debug|x86.Build.0 = Debug|Win32
		{7B986F42-ED22-45CF-926D-4CAB919F3ADC}.Release|Any CPU.ActiveCfg = Release|Win32
		{7B986F42-ED22-45CF-926D-4CAB919F3ADC}.Release|x64.ActiveCfg = Release|x64
		{7B986F42-ED22-45CF-926D-4CAB919F3ADC}.Release|x64.Build.0 = Release|x64
		{7B986F42-ED22-45CF-926D-4CAB919F3ADC}.Release|x86.ActiveCfg = Release|Win32
		{7B986F42-ED22-45CF-926D-4CAB919F3ADC}.Release|x86.Build.0 = Release|Win32
		{D656A0D3-183A-4C3B-B56A-BA17D4F20B3E}.Debug|Any CPU.ActiveCfg = Debug|Win32
		{D656A0D3-183A-4C3B-B56A-BA17D4F20B3E}.Debug|x64.ActiveCfg = Debug|x64
		{D656A0D3-183A-4C3B-B56A-BA17D4F20B3E}.Debug|x64.Build.0 = Debug|x64
		{D656A0D3-183A-4C3B-B56A-BA17D4F20B3E}.Debug|x86.ActiveCfg = Debug|Win32
		{D656A0D3-183A-4C3B-B56A-BA17D4F20B3E}.Debug|x86.Build.0 = Debug|Win32
		{D656A0D3-183A-4C3B-B56A-BA17D4F20B3E}.Release|Any CPU.ActiveCfg = Release|Win32
		{D656A0D3-183A-4C3B-B56A-BA17D4F20B3E}.Release|x64.ActiveCfg = Release|x64
		{D656A0D3-183A-4C3B-B56A-BA17D4F20B3E}.Release|x64.Build.0 = Release|x64
		{D656A0D3-183A-4C3B-B56A-BA17D4F20B3E}.Release|x86.ActiveCfg = Release|Win32
		{D656A0D3-183A-4C3B-B56A-BA17D4F20B3E}.Release|x86.Build.0 = Release|Win32
		{6188F7FF-A237-4D9D-B1A7-2519064DA6DF}.Debug|Any CPU.ActiveCfg = Debug|Win32
		{6188F7FF-A237-4D9D-B1A7-2519064DA6DF}.Debug|x64.ActiveCfg = Debug|x64
		{6188F7FF-A237-4D9D-B1A7-2519064DA6DF}.Debug|x64.Build.0 = Debug|x64
		{6188F7FF-A237-4D9D-B1A7-2519064DA6DF}.Debug|x86.ActiveCfg = Debug|Win32
		{6188F7FF-A237-4D9D-B1A7-2519064DA6DF}.Debug|x86.Build.0 = Debug|Win32
		{6188F7FF-A237-4D9D-B1A7-2519064DA6DF}.Release|Any CPU.ActiveCfg = Release|Win32
		{6188F7FF-A237-4D9D-B1A7-2519064DA6DF}.Release|x64.ActiveCfg = Release|x64
		{6188F7FF-A237-4D9D-B1A7-2519064DA6DF}.Release|x64.Build.0 = Release|x64
		{6188F7FF-A237-4D9D-B1A7-2519064DA6DF}.Release|x86.ActiveCfg = Release|Win32
		{6188F7FF-A237-4D9D-B1A7-2519064DA6DF}.Release|x86.Build.0 = Release|Win32
		{1FD3FD75-3556-4898-A3AF-026D1833F5FA}.Debug|Any CPU.ActiveCfg = Debug|Win32
		{1FD3FD75-3556-4898-A3AF-026D1833F5FA}.Debug|x64.ActiveCfg = Debug|x64
		{1FD3FD75-3556-4898-A3AF-026D1833F5FA}.Debug|x64.Build.0 = Debug|x64
		{1FD3FD75-3556-4898-A3AF-026D1833F5FA}.Debug|x86.ActiveCfg = Debug|Win32
		{1FD3FD75-3556-4898-A3AF-026D1833F5FA}.Debug|x86.Build.0 = Debug|Win32
		{1FD3FD75-3556-4898-A3AF-026D1833F5FA}.Release|Any CPU.ActiveCfg = Release|Win32
		{1FD3FD75-3556-4898-A3AF-026D1833F5FA}.Release|x64.ActiveCfg = Release|x64
		{1FD3FD75-3556-4898-A3AF-026D1833F5FA}.Release|x64.Build.0 = Release|x64
		{1FD3FD75-3556-4898-A3AF-026D1833F5FA}.Release|x86.ActiveCfg = Release|Win32
		{1FD3FD75-3556-4898-A3AF-026D1833F5FA}.Release|x86.Build.0 = Release|Win32
		{279E6E43-6934-4778-8511-139AD97BB395}.Debug|Any CPU.ActiveCfg = Debug|Win32
		{279E6E43-6934-4778-8511-139AD97BB395}.Debug|x64.ActiveCfg = Debug|x64
		{279E6E43-6934-4778-8511-139AD97BB395}.Debug|x64.Build.0 = Debug|x64
		{279E6E43-6934-4778-8511-139AD97BB395}.Debug|x86.ActiveCfg = Debug|Win32
		{279E6E43-6934-4778-8511-139AD97BB395}.Debug|x86.Build.0 = Debug|Win32
		{279E6E43-6934-4778-8511-139AD97BB395}.Release|Any CPU.ActiveCfg = Release|Win32
		{279E6E43-6934-4778-8511-139AD97BB395}.Release|x64.ActiveCfg = Release|x64
		{279E6E43-6934-4778-8511-139AD97BB395}.Release|x64.Build.0 = Release|x64
		{279E6E43-6934-4778-8511-139AD97BB395}.Release|x86.ActiveCfg = Release|Win32
		{279E6E43-6934-4778-8511-139AD97BB395}.Release|x86.Build.0 = Release|Win32
		{2DA6536C-C553-4E57-B413-9D9E7982E21E}.Debug|Any CPU.ActiveCfg = Debug|Win32
		{2DA6536C-C553-4E57-B413-9D9E7982E21E}.Debug|x64.ActiveCfg = Debug|x64
		{2DA6536C-C553-4E57-B413-9D9E7982E21E}.Debug|x64.Build.0 = Debug|x64
		{2DA6536C-C553-4E57-B413-9D9E7982E21E}.Debug|x86.ActiveCfg = Debug|Win32
		{2DA6536C-C553-4E57-B413-9D9E7982E21E}.Debug|x86.Build.0 = Debug|Win32
		{2DA6536C-C553-4E57-B413-9D9E7982E21E}.Release|Any CPU.ActiveCfg = Release|Win32
		{2DA6536C-C553-4E57-B413-9D9E7982E21E}.Release|x64.ActiveCfg = Release|x64
		{2DA6536C-C553-4E57-B413-9D9E7982E21E}.Release|x64.Build.0 = Release|x64
		{2DA6536C-C553-4E57-B413-9D9E7982E21E}.Release|x86.ActiveCfg = Release|Win32
		{2DA6536C-C553-4E57-B413-9D9E7982E21E}.Release|x86.Build.0 = Release|Win32
		{BD8F3C02-C4C6-4E95-95AE-FD37BB9D996A}.Debug|Any CPU.ActiveCfg = Debug|Win32
		{BD8F3C02-C4C6-4E95-95AE-FD37BB9D996A}.Debug|x64.ActiveCfg = Debug|x64
		{BD8F3C02-C4C6-4E95-95AE-FD37BB9D996A}.Debug|x64.Build.0 = Debug|x64
		{BD8F3C02-C4C6-4E95-95AE-FD37BB9D996A}.Debug|x86.ActiveCfg = Debug|Win32
		{BD8F3C02-C4C6-4E95-95AE-FD37BB9D996A}.Debug|x86.Build.0 = Debug|Win32
		{BD8F3C02-C4C6-4E95-95AE-FD37BB9D996A}.Release|Any CPU.ActiveCfg = Release|Win32
		{BD8F3C02-C4C6-4E95-95AE-FD37BB9D996A}.Release|x64.ActiveCfg = Release|x64
		{BD8F3C02-C4C6-4E95-95AE-FD37BB9D996A}.Release|x64.Build.0 = Release|x64
		{BD8F3C02-C4C6-4E95-95AE-FD37BB9D996A}.Release|x86.ActiveCfg = Release|Win32
		{BD8F3C02-C4C6-4E95-95AE-FD37BB9D996A}.Release|x86.Build.0 = Release|Win32
		{E0CD807B-E9FF-4C27-AE9D-079254B25020}.Debug|Any CPU.ActiveCfg = Debug|Win32
		{E0CD807B-E9FF-4C27-AE9D-079254B25020}.Debug|x64.ActiveCfg = Debug|x64
		{E0CD807B-E9FF-4C27-AE9D-079254B25020}.Debug|x64.Build.0 = Debug|x64
		{E0CD807B-E9FF-4C27-AE9D-079254B25020}.Debug|x86.ActiveCfg = Debug|Win32
		{E0CD807B-E9FF-4C27-AE9D-079254B25020}.Debug|x86.Build.0 = Debug|Win32
		{E0CD807B-E9FF-4C27-AE9D-079254B25020}.Release|Any CPU.ActiveCfg = Release|Win32
		{E0CD807B-E9FF-4C27-AE9D-079254B25020}.Release|x64.ActiveCfg = Release|x64
		{E0CD807B-E9FF-4C27-AE9D-079254B25020}.Release|x64.Build.0 = Release|x64
		{E0CD807B-E9FF-4C27-AE9D-079254B25020}.Release|x86.ActiveCfg = Release|Win32
		{E0CD807B-E9FF-4C27-AE9D-079254B25020}.Release|x86.Build.0 = Release|Win32
		{A3B0EB49-F406-419B-93D8-178E256176CC}.Debug|Any CPU.ActiveCfg = Debug|Win32
		{A3B0EB49-F406-419B-93D8-178E256176CC}.Debug|x64.ActiveCfg = Debug|x64
		{A3B0EB49-F406-419B-93D8-178E256176CC}.Debug|x64.Build.0 = Debug|x64
		{A3B0EB49-F406-419B-93D8-178E256176CC}.Debug|x86.ActiveCfg = Debug|Win32
		{A3B0EB49-F406-419B-93D8-178E256176CC}.Debug|x86.Build.0 = Debug|Win32
		{A3B0EB49-F406-419B-93D8-178E256176CC}.Release|Any CPU.ActiveCfg = Release|Win32
		{A3B0EB49-F406-419B-93D8-178E256176CC}.Release|x64.ActiveCfg = Release|x64
		{A3B0EB49-F406-419B-93D8-178E256176CC}.Release|x64.Build.0 = Release|x64
		{A3B0EB49-F406-419B-93D8-178E256176CC}.Release|x86.ActiveCfg = Release|Win32
		{A3B0EB49-F406-419B-93D8-178E256176CC}.Release|x86.Build.0 = Release|Win32
		{DDE4A8AA-CC30-4E50-8096-496D9CEFC8DF}.Debug|Any CPU.ActiveCfg = Debug|Win32
		{DDE4A8AA-CC30-4E50-8096-496D9CEFC8DF}.Debug|x64.ActiveCfg = Debug|x64
		{DDE4A8AA-CC30-4E50-8096-496D9CEFC8DF}.Debug|x64.Build.0 = Debug|x64
		{DDE4A8AA-CC30-4E50-8096-496D9CEFC8DF}.Debug|x86.ActiveCfg = Debug|Win32
		{DDE4A8AA-CC30-4E50-8096-496D9CEFC8DF}.Debug|x86.Build.0 = Debug|Win32
		{DDE4A8AA-CC30-4E50-8096-496D9CEFC8DF}.Release|Any CPU.ActiveCfg = Release|Win32
		{DDE4A8AA-CC30-4E50-8096-496D9CEFC8DF}.Release|x64.ActiveCfg = Release|x64
		{DDE4A8AA-CC30-4E50-8096-496D9CEFC8DF}.Release|x64.Build.0 = Release|x64
		{DDE4A8AA-CC30-4E50-8096-496D9CEFC8DF}.Release|x86.ActiveCfg = Release|Win32
		{DDE4A8AA-CC30-4E50-8096-496D9CEFC8DF}.Release|x86.Build.0 = Release|Win32
		{B19D00B7-51D9-42B7-9B5C-0F8875B930DC}.Debug|Any CPU.ActiveCfg = Debug|Win32
		{B19D00B7-51D9-42B7-9B5C-0F8875B930DC}.Debug|x64.ActiveCfg = Debug|x64
		{B19D00B7-51D9-42B7-9B5C-0F8875B930DC}.Debug|x64.Build.0 = Debug|x64
		{B19D00B7-51D9-42B7-9B5C-0F8875B930DC}.Debug|x86.ActiveCfg = Debug|Win32
		{B19D00B7-51D9-42B7-9B5C-0F8875B930DC}.Debug|x86.Build.0 = Debug|Win32
		{B19D00B7-51D9-42B7-9B5C-0F8875B930DC}.Release|Any CPU.ActiveCfg = Release|Win32
		{B19D00B7-51D9-42B7-9B5C-0F8875B930DC}.Release|x64.ActiveCfg = Release|x64
		{B19D00B7-51D9-42B7-9B5C-0F8875B930DC}.Release|x64.Build.0 = Release|x64
		{B19D00B7-51D9-42B7-9B5C-0F8875B930DC}.Release|x86.ActiveCfg = Release|Win32
		{B19D00B7-51D9-42B7-9B5C-0F8875B930DC}.Release|x86.Build.0 = Release|Win32
		{FD56D3E9-54FF-49C8-A30D-61C93B985364}.Debug|Any CPU.ActiveCfg = Debug|Win32
		{FD56D3E9-54FF-49C8-A30D-61C93B985364}.Debug|x64.ActiveCfg = Debug|x64
		{FD56D3E9-54FF-49C8-A30D-61C93B985364}.Debug|x64.Build.0 = Debug|x64
		{FD56D3E9-54FF-49C8-A30D-61C93B985364}.Debug|x86.ActiveCfg = Debug|Win32
		{FD56D3E9-54FF-49C8-A30D-61C93B985364}.Debug|x86.Build.0 = Debug|Win32
		{FD56D3E9-54FF-49C8-A30D-61C93B985364}.Release|Any CPU.ActiveCfg = Release|Win32
		{FD56D3E9-54FF-49C8-A30D-61C93B985364}.Release|x64.ActiveCfg = Release|x64
		{FD56D3E9-54FF-49C8-A30D-61C93B985364}.Release|x64.Build.0 = Release|x64
		{FD56D3E9-54FF-49C8-A30D-61C93B985364}.Release|x86.ActiveCfg = Release|Win32
		{FD56D3E9-54FF-49C8-A30D-61C93B985364}.Release|x86.Build.0 = Release|Win32
		{0DC1D59F-BE7A-4D5B-BB35-1EC675EA7723}.Debug|Any CPU.ActiveCfg = Debug|Win32
		{0DC1D59F-BE7A-4D5B-BB35-1EC675EA7723}.Debug|x64.ActiveCfg = Debug|x64
		{0DC1D59F-BE7A-4D5B-BB35-1EC675EA7723}.Debug|x64.Build.0 = Debug|x64
		{0DC1D59F-BE7A-4D5B-BB35-1EC675EA7723}.Debug|x86.ActiveCfg = Debug|Win32
		{0DC1D59F-BE7A-4D5B-BB35-1EC675EA7723}.Debug|x86.Build.0 = Debug|Win32
		{0DC1D59F-BE7A-4D5B-BB35-1EC675EA7723}.Release|Any CPU.ActiveCfg = Release|Win32
		{0DC1D59F-BE7A-4D5B-BB35-1EC675EA7723}.Release|x64.ActiveCfg = Release|x64
		{0DC1D59F-BE7A-4D5B-BB35-1EC675EA7723}.Release|x64.Build.0 = Release|x64
		{0DC1D59F-BE7A-4D5B-BB35-1EC675EA7723}.Release|x86.ActiveCfg = Release|Win32
		{0DC1D59F-BE7A-4D5B-BB35-1EC675EA7723}.Release|x86.Build.0 = Release|Win32
		{9222E881-4D01-4E2A-9448-253090A93266}.Debug|Any CPU.ActiveCfg = Debug|Win32
		{9222E881-4D01-4E2A-9448-253090A93266}.Debug|x64.ActiveCfg = Debug|x64
		{9222E881-4D01-4E2A-9448-253090A93266}.Debug|x64.Build.0 = Debug|x64
		{9222E881-4D01-4E2A-9448-253090A93266}.Debug|x86.ActiveCfg = Debug|Win32
		{9222E881-4D01-4E2A-9448-253090A93266}.Debug|x86.Build.0 = Debug|Win32
		{9222E881-4D01-4E2A-9448-253090A93266}.Release|Any CPU.ActiveCfg = Release|Win32
		{9222E881-4D01-4E2A-9448-253090A93266}.Release|x64.ActiveCfg = Release|x64
		{9222E881-4D01-4E2A-9448-253090A93266}.Release|x64.Build.0 = Release|x64
		{9222E881-4D01-4E2A-9448-253090A93266}.Release|x86.ActiveCfg = Release|Win32
		{9222E881-4D01-4E2A-9448-253090A93266}.Release|x86.Build.0 = Release|Win32
	EndGlobalSection
	GlobalSection(SolutionProperties) = preSolution
		HideSolutionNode = FALSE
	EndGlobalSection
	GlobalSection(ExtensibilityGlobals) = postSolution
		SolutionGuid = {0C145040-F164-4C1A-9386-4634CA97183E}
	EndGlobalSection
EndGlobal
